
Microsoft Visual Studio Solution File, Format Version 12.00
# Visual Studio Version 17
VisualStudioVersion = 17.8.34322.80
MinimumVisualStudioVersion = 10.0.40219.1
Project("{2150E333-8FDC-42A3-9474-1A3956D46DE8}") = "SOLID", "SOLID", "{AA5E9D69-E008-4830-8F5F-0C40A3BCE030}"
EndProject
Project("{9A19103F-16F7-4668-BE54-9A1E7A4F7556}") = "SOLID.SingleResponsibility", "SOLID\SOLID.SingleResponsibility\SOLID.SingleResponsibility.csproj", "{8802A234-2103-4CE7-841F-F9A19CC49FAA}"
EndProject
Project("{9A19103F-16F7-4668-BE54-9A1E7A4F7556}") = "SOLID.OpenClosed", "SOLID\SOLID.OpenClosed\SOLID.OpenClosed.csproj", "{F4335D15-5900-4B45-B011-8AE357904CDB}"
EndProject
Project("{9A19103F-16F7-4668-BE54-9A1E7A4F7556}") = "SOLID.LiskovSubstitution", "SOLID\SOLID.LiskovSubstitution\SOLID.LiskovSubstitution.csproj", "{9D91E553-E04E-49CB-877D-98CF16FF233E}"
EndProject
Project("{9A19103F-16F7-4668-BE54-9A1E7A4F7556}") = "SOLID.InterfaceSegregation", "SOLID\SOLID.InterfaceSegregation\SOLID.InterfaceSegregation.csproj", "{DC5C6A9A-B415-4261-8A28-9660F97518CB}"
EndProject
Project("{9A19103F-16F7-4668-BE54-9A1E7A4F7556}") = "SOLID.DependencyInversion", "SOLID\SOLID.DependencyInversion\SOLID.DependencyInversion.csproj", "{BD6C4B4D-A7F7-4769-9F4E-7325393BD066}"
EndProject
Project("{2150E333-8FDC-42A3-9474-1A3956D46DE8}") = "Creational Design Patterns", "Creational Design Patterns", "{052150F6-CCAF-408A-AB0C-D4D621A7A119}"
EndProject
Project("{9A19103F-16F7-4668-BE54-9A1E7A4F7556}") = "Creational.AbstractFactory", "Creational Design Patterns\Creational.AbstractFactory\Creational.AbstractFactory.csproj", "{FCD765F8-6152-4FE9-8592-CA910EFBF483}"
EndProject
Project("{9A19103F-16F7-4668-BE54-9A1E7A4F7556}") = "Creational.Builder", "Creational Design Patterns\Creational.Builder\Creational.Builder.csproj", "{4D1C0C23-16FF-4DD0-B737-622328DDC946}"
EndProject
Project("{9A19103F-16F7-4668-BE54-9A1E7A4F7556}") = "Creational.Factory", "Creational Design Patterns\Creational.Factory\Creational.Factory.csproj", "{840679E4-532F-40BC-A240-7F6EBCBE0A60}"
EndProject
Project("{9A19103F-16F7-4668-BE54-9A1E7A4F7556}") = "Creational.Prototype", "Creational Design Patterns\Creational.Prototype\Creational.Prototype.csproj", "{80620360-3148-4849-AE30-26380EFE6438}"
EndProject
Project("{9A19103F-16F7-4668-BE54-9A1E7A4F7556}") = "Creational.Singleton", "Creational Design Patterns\Creational.Singleton\Creational.Singleton.csproj", "{AD66E314-A980-489F-8940-46727B387D4F}"
EndProject
Project("{2150E333-8FDC-42A3-9474-1A3956D46DE8}") = "Structural Design Patterns", "Structural Design Patterns", "{93CD2989-D1CC-4E46-936A-68234655E1F4}"
EndProject
Project("{9A19103F-16F7-4668-BE54-9A1E7A4F7556}") = "Structural.Adapter", "Structural Design Patterns\Structural.Adapter\Structural.Adapter.csproj", "{0A62FB35-C294-4A87-A556-E3A33298CCDA}"
EndProject
Project("{FAE04EC0-301F-11D3-BF4B-00C04F79EFBC}") = "Structural.Bridge", "Structural Design Patterns\Structural.Bridge\Structural.Bridge.csproj", "{351F4568-82DB-49BE-96F4-3C223F173963}"
EndProject
Project("{FAE04EC0-301F-11D3-BF4B-00C04F79EFBC}") = "Structural.Composite", "Structural Design Patterns\Structural.Composite\Structural.Composite.csproj", "{F47512D8-0C8B-497D-AC1D-1F49EAA75271}"
EndProject
Project("{FAE04EC0-301F-11D3-BF4B-00C04F79EFBC}") = "Structural.Decorator", "Structural Design Patterns\Structural.Decorator\Structural.Decorator.csproj", "{CE4D8E32-0F97-45F9-B5F9-8140BF689895}"
EndProject
Global
	GlobalSection(SolutionConfigurationPlatforms) = preSolution
		Debug|Any CPU = Debug|Any CPU
		Release|Any CPU = Release|Any CPU
	EndGlobalSection
	GlobalSection(ProjectConfigurationPlatforms) = postSolution
		{8802A234-2103-4CE7-841F-F9A19CC49FAA}.Debug|Any CPU.ActiveCfg = Debug|Any CPU
		{8802A234-2103-4CE7-841F-F9A19CC49FAA}.Debug|Any CPU.Build.0 = Debug|Any CPU
		{8802A234-2103-4CE7-841F-F9A19CC49FAA}.Release|Any CPU.ActiveCfg = Release|Any CPU
		{8802A234-2103-4CE7-841F-F9A19CC49FAA}.Release|Any CPU.Build.0 = Release|Any CPU
		{F4335D15-5900-4B45-B011-8AE357904CDB}.Debug|Any CPU.ActiveCfg = Debug|Any CPU
		{F4335D15-5900-4B45-B011-8AE357904CDB}.Debug|Any CPU.Build.0 = Debug|Any CPU
		{F4335D15-5900-4B45-B011-8AE357904CDB}.Release|Any CPU.ActiveCfg = Release|Any CPU
		{F4335D15-5900-4B45-B011-8AE357904CDB}.Release|Any CPU.Build.0 = Release|Any CPU
		{9D91E553-E04E-49CB-877D-98CF16FF233E}.Debug|Any CPU.ActiveCfg = Debug|Any CPU
		{9D91E553-E04E-49CB-877D-98CF16FF233E}.Debug|Any CPU.Build.0 = Debug|Any CPU
		{9D91E553-E04E-49CB-877D-98CF16FF233E}.Release|Any CPU.ActiveCfg = Release|Any CPU
		{9D91E553-E04E-49CB-877D-98CF16FF233E}.Release|Any CPU.Build.0 = Release|Any CPU
		{DC5C6A9A-B415-4261-8A28-9660F97518CB}.Debug|Any CPU.ActiveCfg = Debug|Any CPU
		{DC5C6A9A-B415-4261-8A28-9660F97518CB}.Debug|Any CPU.Build.0 = Debug|Any CPU
		{DC5C6A9A-B415-4261-8A28-9660F97518CB}.Release|Any CPU.ActiveCfg = Release|Any CPU
		{DC5C6A9A-B415-4261-8A28-9660F97518CB}.Release|Any CPU.Build.0 = Release|Any CPU
		{BD6C4B4D-A7F7-4769-9F4E-7325393BD066}.Debug|Any CPU.ActiveCfg = Debug|Any CPU
		{BD6C4B4D-A7F7-4769-9F4E-7325393BD066}.Debug|Any CPU.Build.0 = Debug|Any CPU
		{BD6C4B4D-A7F7-4769-9F4E-7325393BD066}.Release|Any CPU.ActiveCfg = Release|Any CPU
		{BD6C4B4D-A7F7-4769-9F4E-7325393BD066}.Release|Any CPU.Build.0 = Release|Any CPU
		{FCD765F8-6152-4FE9-8592-CA910EFBF483}.Debug|Any CPU.ActiveCfg = Debug|Any CPU
		{FCD765F8-6152-4FE9-8592-CA910EFBF483}.Debug|Any CPU.Build.0 = Debug|Any CPU
		{FCD765F8-6152-4FE9-8592-CA910EFBF483}.Release|Any CPU.ActiveCfg = Release|Any CPU
		{FCD765F8-6152-4FE9-8592-CA910EFBF483}.Release|Any CPU.Build.0 = Release|Any CPU
		{4D1C0C23-16FF-4DD0-B737-622328DDC946}.Debug|Any CPU.ActiveCfg = Debug|Any CPU
		{4D1C0C23-16FF-4DD0-B737-622328DDC946}.Debug|Any CPU.Build.0 = Debug|Any CPU
		{4D1C0C23-16FF-4DD0-B737-622328DDC946}.Release|Any CPU.ActiveCfg = Release|Any CPU
		{4D1C0C23-16FF-4DD0-B737-622328DDC946}.Release|Any CPU.Build.0 = Release|Any CPU
		{840679E4-532F-40BC-A240-7F6EBCBE0A60}.Debug|Any CPU.ActiveCfg = Debug|Any CPU
		{840679E4-532F-40BC-A240-7F6EBCBE0A60}.Debug|Any CPU.Build.0 = Debug|Any CPU
		{840679E4-532F-40BC-A240-7F6EBCBE0A60}.Release|Any CPU.ActiveCfg = Release|Any CPU
		{840679E4-532F-40BC-A240-7F6EBCBE0A60}.Release|Any CPU.Build.0 = Release|Any CPU
		{80620360-3148-4849-AE30-26380EFE6438}.Debug|Any CPU.ActiveCfg = Debug|Any CPU
		{80620360-3148-4849-AE30-26380EFE6438}.Debug|Any CPU.Build.0 = Debug|Any CPU
		{80620360-3148-4849-AE30-26380EFE6438}.Release|Any CPU.ActiveCfg = Release|Any CPU
		{80620360-3148-4849-AE30-26380EFE6438}.Release|Any CPU.Build.0 = Release|Any CPU
		{AD66E314-A980-489F-8940-46727B387D4F}.Debug|Any CPU.ActiveCfg = Debug|Any CPU
		{AD66E314-A980-489F-8940-46727B387D4F}.Debug|Any CPU.Build.0 = Debug|Any CPU
		{AD66E314-A980-489F-8940-46727B387D4F}.Release|Any CPU.ActiveCfg = Release|Any CPU
		{AD66E314-A980-489F-8940-46727B387D4F}.Release|Any CPU.Build.0 = Release|Any CPU
		{0A62FB35-C294-4A87-A556-E3A33298CCDA}.Debug|Any CPU.ActiveCfg = Debug|Any CPU
		{0A62FB35-C294-4A87-A556-E3A33298CCDA}.Debug|Any CPU.Build.0 = Debug|Any CPU
		{0A62FB35-C294-4A87-A556-E3A33298CCDA}.Release|Any CPU.ActiveCfg = Release|Any CPU
		{0A62FB35-C294-4A87-A556-E3A33298CCDA}.Release|Any CPU.Build.0 = Release|Any CPU
		{351F4568-82DB-49BE-96F4-3C223F173963}.Debug|Any CPU.ActiveCfg = Debug|Any CPU
		{351F4568-82DB-49BE-96F4-3C223F173963}.Debug|Any CPU.Build.0 = Debug|Any CPU
		{351F4568-82DB-49BE-96F4-3C223F173963}.Release|Any CPU.ActiveCfg = Release|Any CPU
		{351F4568-82DB-49BE-96F4-3C223F173963}.Release|Any CPU.Build.0 = Release|Any CPU
		{F47512D8-0C8B-497D-AC1D-1F49EAA75271}.Debug|Any CPU.ActiveCfg = Debug|Any CPU
		{F47512D8-0C8B-497D-AC1D-1F49EAA75271}.Debug|Any CPU.Build.0 = Debug|Any CPU
		{F47512D8-0C8B-497D-AC1D-1F49EAA75271}.Release|Any CPU.ActiveCfg = Release|Any CPU
		{F47512D8-0C8B-497D-AC1D-1F49EAA75271}.Release|Any CPU.Build.0 = Release|Any CPU
		{CE4D8E32-0F97-45F9-B5F9-8140BF689895}.Debug|Any CPU.ActiveCfg = Debug|Any CPU
		{CE4D8E32-0F97-45F9-B5F9-8140BF689895}.Debug|Any CPU.Build.0 = Debug|Any CPU
		{CE4D8E32-0F97-45F9-B5F9-8140BF689895}.Release|Any CPU.ActiveCfg = Release|Any CPU
		{CE4D8E32-0F97-45F9-B5F9-8140BF689895}.Release|Any CPU.Build.0 = Release|Any CPU
	EndGlobalSection
	GlobalSection(SolutionProperties) = preSolution
		HideSolutionNode = FALSE
	EndGlobalSection
	GlobalSection(NestedProjects) = preSolution
		{8802A234-2103-4CE7-841F-F9A19CC49FAA} = {AA5E9D69-E008-4830-8F5F-0C40A3BCE030}
		{F4335D15-5900-4B45-B011-8AE357904CDB} = {AA5E9D69-E008-4830-8F5F-0C40A3BCE030}
		{9D91E553-E04E-49CB-877D-98CF16FF233E} = {AA5E9D69-E008-4830-8F5F-0C40A3BCE030}
		{DC5C6A9A-B415-4261-8A28-9660F97518CB} = {AA5E9D69-E008-4830-8F5F-0C40A3BCE030}
		{BD6C4B4D-A7F7-4769-9F4E-7325393BD066} = {AA5E9D69-E008-4830-8F5F-0C40A3BCE030}
		{FCD765F8-6152-4FE9-8592-CA910EFBF483} = {052150F6-CCAF-408A-AB0C-D4D621A7A119}
		{4D1C0C23-16FF-4DD0-B737-622328DDC946} = {052150F6-CCAF-408A-AB0C-D4D621A7A119}
		{840679E4-532F-40BC-A240-7F6EBCBE0A60} = {052150F6-CCAF-408A-AB0C-D4D621A7A119}
		{80620360-3148-4849-AE30-26380EFE6438} = {052150F6-CCAF-408A-AB0C-D4D621A7A119}
		{AD66E314-A980-489F-8940-46727B387D4F} = {052150F6-CCAF-408A-AB0C-D4D621A7A119}
		{0A62FB35-C294-4A87-A556-E3A33298CCDA} = {93CD2989-D1CC-4E46-936A-68234655E1F4}
		{351F4568-82DB-49BE-96F4-3C223F173963} = {93CD2989-D1CC-4E46-936A-68234655E1F4}
		{F47512D8-0C8B-497D-AC1D-1F49EAA75271} = {93CD2989-D1CC-4E46-936A-68234655E1F4}
		{CE4D8E32-0F97-45F9-B5F9-8140BF689895} = {93CD2989-D1CC-4E46-936A-68234655E1F4}
	EndGlobalSection
	GlobalSection(ExtensibilityGlobals) = postSolution
		SolutionGuid = {757F874C-DF03-477B-85AD-F3C5EAA3986B}
	EndGlobalSection
EndGlobal
